
Microsoft Visual Studio Solution File, Format Version 12.00
# Visual Studio Version 16
VisualStudioVersion = 16.0.31205.134
MinimumVisualStudioVersion = 10.0.40219.1
Project("{FAE04EC0-301F-11D3-BF4B-00C04F79EFBC}") = "MediaEscolar", "MediaEscolar\MediaEscolar.csproj", "{FB90CFD0-6183-4840-BC62-697DF6E05A81}"
EndProject
Global
	GlobalSection(SolutionConfigurationPlatforms) = preSolution
		Debug|Any CPU = Debug|Any CPU
		Release|Any CPU = Release|Any CPU
	EndGlobalSection
	GlobalSection(ProjectConfigurationPlatforms) = postSolution
		{FB90CFD0-6183-4840-BC62-697DF6E05A81}.Debug|Any CPU.ActiveCfg = Debug|Any CPU
		{FB90CFD0-6183-4840-BC62-697DF6E05A81}.Debug|Any CPU.Build.0 = Debug|Any CPU
		{FB90CFD0-6183-4840-BC62-697DF6E05A81}.Release|Any CPU.ActiveCfg = Release|Any CPU
		{FB90CFD0-6183-4840-BC62-697DF6E05A81}.Release|Any CPU.Build.0 = Release|Any CPU
	EndGlobalSection
	GlobalSection(SolutionProperties) = preSolution
		HideSolutionNode = FALSE
	EndGlobalSection
	GlobalSection(ExtensibilityGlobals) = postSolution
		SolutionGuid = {119CCED4-27C9-468B-B77B-41D64B691641}
	EndGlobalSection
EndGlobal
